// !$*UTF8*$!
{
	archiveVersion = 1;
	classes = {
	};
	objectVersion = 46;
	objects = {

/* Begin PBXBuildFile section */
		38161D0E19DA570100119CD5 /* AppDelegate.swift in Sources */ = {isa = PBXBuildFile; fileRef = 38161D0D19DA570100119CD5 /* AppDelegate.swift */; };
		38161D1019DA570100119CD5 /* ViewController.swift in Sources */ = {isa = PBXBuildFile; fileRef = 38161D0F19DA570100119CD5 /* ViewController.swift */; };
		38161D1319DA570100119CD5 /* Main.storyboard in Resources */ = {isa = PBXBuildFile; fileRef = 38161D1119DA570100119CD5 /* Main.storyboard */; };
		38161D1519DA570100119CD5 /* Images.xcassets in Resources */ = {isa = PBXBuildFile; fileRef = 38161D1419DA570100119CD5 /* Images.xcassets */; };
		38161D1819DA570100119CD5 /* LaunchScreen.xib in Resources */ = {isa = PBXBuildFile; fileRef = 38161D1619DA570100119CD5 /* LaunchScreen.xib */; };
		38161D2419DA570100119CD5 /* PostcardTests.swift in Sources */ = {isa = PBXBuildFile; fileRef = 38161D2319DA570100119CD5 /* PostcardTests.swift */; };
		38161D2E19DA589400119CD5 /* SagradaFamilia.jpeg in Resources */ = {isa = PBXBuildFile; fileRef = 38161D2D19DA589400119CD5 /* SagradaFamilia.jpeg */; };
		38161D3019DA5AEB00119CD5 /* AlbertEinsteinStamp.jpg in Resources */ = {isa = PBXBuildFile; fileRef = 38161D2F19DA5AEB00119CD5 /* AlbertEinsteinStamp.jpg */; };
/* End PBXBuildFile section */

/* Begin PBXContainerItemProxy section */
		38161D1E19DA570100119CD5 /* PBXContainerItemProxy */ = {
			isa = PBXContainerItemProxy;
			containerPortal = 38161D0019DA570100119CD5 /* Project object */;
			proxyType = 1;
			remoteGlobalIDString = 38161D0719DA570100119CD5;
			remoteInfo = Postcard;
		};
/* End PBXContainerItemProxy section */

/* Begin PBXFileReference section */
		38161D0819DA570100119CD5 /* Postcard.app */ = {isa = PBXFileReference; explicitFileType = wrapper.application; includeInIndex = 0; path = Postcard.app; sourceTree = BUILT_PRODUCTS_DIR; };
		38161D0C19DA570100119CD5 /* Info.plist */ = {isa = PBXFileReference; lastKnownFileType = text.plist.xml; path = Info.plist; sourceTree = "<group>"; };
		38161D0D19DA570100119CD5 /* AppDelegate.swift */ = {isa = PBXFileReference; lastKnownFileType = sourcecode.swift; path = AppDelegate.swift; sourceTree = "<group>"; };
		38161D0F19DA570100119CD5 /* ViewController.swift */ = {isa = PBXFileReference; lastKnownFileType = sourcecode.swift; path = ViewController.swift; sourceTree = "<group>"; };
		38161D1219DA570100119CD5 /* Base */ = {isa = PBXFileReference; lastKnownFileType = file.storyboard; name = Base; path = Base.lproj/Main.storyboard; sourceTree = "<group>"; };
		38161D1419DA570100119CD5 /* Images.xcassets */ = {isa = PBXFileReference; lastKnownFileType = folder.assetcatalog; path = Images.xcassets; sourceTree = "<group>"; };
		38161D1719DA570100119CD5 /* Base */ = {isa = PBXFileReference; lastKnownFileType = file.xib; name = Base; path = Base.lproj/LaunchScreen.xib; sourceTree = "<group>"; };
		38161D1D19DA570100119CD5 /* PostcardTests.xctest */ = {isa = PBXFileReference; explicitFileType = wrapper.cfbundle; includeInIndex = 0; path = PostcardTests.xctest; sourceTree = BUILT_PRODUCTS_DIR; };
		38161D2219DA570100119CD5 /* Info.plist */ = {isa = PBXFileReference; lastKnownFileType = text.plist.xml; path = Info.plist; sourceTree = "<group>"; };
		38161D2319DA570100119CD5 /* PostcardTests.swift */ = {isa = PBXFileReference; lastKnownFileType = sourcecode.swift; path = PostcardTests.swift; sourceTree = "<group>"; };
		38161D2D19DA589400119CD5 /* SagradaFamilia.jpeg */ = {isa = PBXFileReference; lastKnownFileType = image.jpeg; path = SagradaFamilia.jpeg; sourceTree = "<group>"; };
		38161D2F19DA5AEB00119CD5 /* AlbertEinsteinStamp.jpg */ = {isa = PBXFileReference; lastKnownFileType = image.jpeg; path = AlbertEinsteinStamp.jpg; sourceTree = "<group>"; };
/* End PBXFileReference section */

/* Begin PBXFrameworksBuildPhase section */
		38161D0519DA570100119CD5 /* Frameworks */ = {
			isa = PBXFrameworksBuildPhase;
			buildActionMask = 2147483647;
			files = (
			);
			runOnlyForDeploymentPostprocessing = 0;
		};
		38161D1A19DA570100119CD5 /* Frameworks */ = {
			isa = PBXFrameworksBuildPhase;
			buildActionMask = 2147483647;
			files = (
			);
			runOnlyForDeploymentPostprocessing = 0;
		};
/* End PBXFrameworksBuildPhase section */

/* Begin PBXGroup section */
		38161CFF19DA570100119CD5 = {
			isa = PBXGroup;
			children = (
				38161D0A19DA570100119CD5 /* Postcard */,
				38161D2019DA570100119CD5 /* PostcardTests */,
				38161D0919DA570100119CD5 /* Products */,
			);
			sourceTree = "<group>";
		};
		38161D0919DA570100119CD5 /* Products */ = {
			isa = PBXGroup;
			children = (
				38161D0819DA570100119CD5 /* Postcard.app */,
				38161D1D19DA570100119CD5 /* PostcardTests.xctest */,
			);
			name = Products;
			sourceTree = "<group>";
		};
		38161D0A19DA570100119CD5 /* Postcard */ = {
			isa = PBXGroup;
			children = (
				38161D0D19DA570100119CD5 /* AppDelegate.swift */,
				38161D0F19DA570100119CD5 /* ViewController.swift */,
				38161D1119DA570100119CD5 /* Main.storyboard */,
				38161D1419DA570100119CD5 /* Images.xcassets */,
				38161D1619DA570100119CD5 /* LaunchScreen.xib */,
				38161D0B19DA570100119CD5 /* Supporting Files */,
			);
			path = Postcard;
			sourceTree = "<group>";
		};
		38161D0B19DA570100119CD5 /* Supporting Files */ = {
			isa = PBXGroup;
			children = (
				38161D2F19DA5AEB00119CD5 /* AlbertEinsteinStamp.jpg */,
				38161D2D19DA589400119CD5 /* SagradaFamilia.jpeg */,
				38161D0C19DA570100119CD5 /* Info.plist */,
			);
			name = "Supporting Files";
			sourceTree = "<group>";
		};
		38161D2019DA570100119CD5 /* PostcardTests */ = {
			isa = PBXGroup;
			children = (
				38161D2319DA570100119CD5 /* PostcardTests.swift */,
				38161D2119DA570100119CD5 /* Supporting Files */,
			);
			path = PostcardTests;
			sourceTree = "<group>";
		};
		38161D2119DA570100119CD5 /* Supporting Files */ = {
			isa = PBXGroup;
			children = (
				38161D2219DA570100119CD5 /* Info.plist */,
			);
			name = "Supporting Files";
			sourceTree = "<group>";
		};
/* End PBXGroup section */

/* Begin PBXNativeTarget section */
		38161D0719DA570100119CD5 /* Postcard */ = {
			isa = PBXNativeTarget;
			buildConfigurationList = 38161D2719DA570100119CD5 /* Build configuration list for PBXNativeTarget "Postcard" */;
			buildPhases = (
				38161D0419DA570100119CD5 /* Sources */,
				38161D0519DA570100119CD5 /* Frameworks */,
				38161D0619DA570100119CD5 /* Resources */,
			);
			buildRules = (
			);
			dependencies = (
			);
			name = Postcard;
			productName = Postcard;
			productReference = 38161D0819DA570100119CD5 /* Postcard.app */;
			productType = "com.apple.product-type.application";
		};
		38161D1C19DA570100119CD5 /* PostcardTests */ = {
			isa = PBXNativeTarget;
			buildConfigurationList = 38161D2A19DA570100119CD5 /* Build configuration list for PBXNativeTarget "PostcardTests" */;
			buildPhases = (
				38161D1919DA570100119CD5 /* Sources */,
				38161D1A19DA570100119CD5 /* Frameworks */,
				38161D1B19DA570100119CD5 /* Resources */,
			);
			buildRules = (
			);
			dependencies = (
				38161D1F19DA570100119CD5 /* PBXTargetDependency */,
			);
			name = PostcardTests;
			productName = PostcardTests;
			productReference = 38161D1D19DA570100119CD5 /* PostcardTests.xctest */;
			productType = "com.apple.product-type.bundle.unit-test";
		};
/* End PBXNativeTarget section */

/* Begin PBXProject section */
		38161D0019DA570100119CD5 /* Project object */ = {
			isa = PBXProject;
			attributes = {
				LastUpgradeCheck = 0600;
				ORGANIZATIONNAME = "Niklas Arsenault";
				TargetAttributes = {
					38161D0719DA570100119CD5 = {
						CreatedOnToolsVersion = 6.0.1;
					};
					38161D1C19DA570100119CD5 = {
						CreatedOnToolsVersion = 6.0.1;
						TestTargetID = 38161D0719DA570100119CD5;
					};
				};
			};
			buildConfigurationList = 38161D0319DA570100119CD5 /* Build configuration list for PBXProject "Postcard" */;
			compatibilityVersion = "Xcode 3.2";
			developmentRegion = English;
			hasScannedForEncodings = 0;
			knownRegions = (
				en,
				Base,
			);
			mainGroup = 38161CFF19DA570100119CD5;
			productRefGroup = 38161D0919DA570100119CD5 /* Products */;
			projectDirPath = "";
			projectRoot = "";
			targets = (
				38161D0719DA570100119CD5 /* Postcard */,
				38161D1C19DA570100119CD5 /* PostcardTests */,
			);
		};
/* End PBXProject section */

/* Begin PBXResourcesBuildPhase section */
		38161D0619DA570100119CD5 /* Resources */ = {
			isa = PBXResourcesBuildPhase;
			buildActionMask = 2147483647;
			files = (
				38161D1319DA570100119CD5 /* Main.storyboard in Resources */,
				38161D2E19DA589400119CD5 /* SagradaFamilia.jpeg in Resources */,
				38161D3019DA5AEB00119CD5 /* AlbertEinsteinStamp.jpg in Resources */,
				38161D1819DA570100119CD5 /* LaunchScreen.xib in Resources */,
				38161D1519DA570100119CD5 /* Images.xcassets in Resources */,
			);
			runOnlyForDeploymentPostprocessing = 0;
		};
		38161D1B19DA570100119CD5 /* Resources */ = {
			isa = PBXResourcesBuildPhase;
			buildActionMask = 2147483647;
			files = (
			);
			runOnlyForDeploymentPostprocessing = 0;
		};
/* End PBXResourcesBuildPhase section */

/* Begin PBXSourcesBuildPhase section */
		38161D0419DA570100119CD5 /* Sources */ = {
			isa = PBXSourcesBuildPhase;
			buildActionMask = 2147483647;
			files = (
				38161D1019DA570100119CD5 /* ViewController.swift in Sources */,
				38161D0E19DA570100119CD5 /* AppDelegate.swift in Sources */,
			);
			runOnlyForDeploymentPostprocessing = 0;
		};
		38161D1919DA570100119CD5 /* Sources */ = {
			isa = PBXSourcesBuildPhase;
			buildActionMask = 2147483647;
			files = (
				38161D2419DA570100119CD5 /* PostcardTests.swift in Sources */,
			);
			runOnlyForDeploymentPostprocessing = 0;
		};
/* End PBXSourcesBuildPhase section */

/* Begin PBXTargetDependency section */
		38161D1F19DA570100119CD5 /* PBXTargetDependency */ = {
			isa = PBXTargetDependency;
			target = 38161D0719DA570100119CD5 /* Postcard */;
			targetProxy = 38161D1E19DA570100119CD5 /* PBXContainerItemProxy */;
		};
/* End PBXTargetDependency section */

/* Begin PBXVariantGroup section */
		38161D1119DA570100119CD5 /* Main.storyboard */ = {
			isa = PBXVariantGroup;
			children = (
				38161D1219DA570100119CD5 /* Base */,
			);
			name = Main.storyboard;
			sourceTree = "<group>";
		};
		38161D1619DA570100119CD5 /* LaunchScreen.xib */ = {
			isa = PBXVariantGroup;
			children = (
				38161D1719DA570100119CD5 /* Base */,
			);
			name = LaunchScreen.xib;
			sourceTree = "<group>";
		};
/* End PBXVariantGroup section */

/* Begin XCBuildConfiguration section */
		38161D2519DA570100119CD5 /* Debug */ = {
			isa = XCBuildConfiguration;
			buildSettings = {
				ALWAYS_SEARCH_USER_PATHS = NO;
				CLANG_CXX_LANGUAGE_STANDARD = "gnu++0x";
				CLANG_CXX_LIBRARY = "libc++";
				CLANG_ENABLE_MODULES = YES;
				CLANG_ENABLE_OBJC_ARC = YES;
				CLANG_WARN_BOOL_CONVERSION = YES;
				CLANG_WARN_CONSTANT_CONVERSION = YES;
				CLANG_WARN_DIRECT_OBJC_ISA_USAGE = YES_ERROR;
				CLANG_WARN_EMPTY_BODY = YES;
				CLANG_WARN_ENUM_CONVERSION = YES;
				CLANG_WARN_INT_CONVERSION = YES;
				CLANG_WARN_OBJC_ROOT_CLASS = YES_ERROR;
				CLANG_WARN_UNREACHABLE_CODE = YES;
				CLANG_WARN__DUPLICATE_METHOD_MATCH = YES;
				"CODE_SIGN_IDENTITY[sdk=iphoneos*]" = "iPhone Developer";
				COPY_PHASE_STRIP = NO;
				ENABLE_STRICT_OBJC_MSGSEND = YES;
				GCC_C_LANGUAGE_STANDARD = gnu99;
				GCC_DYNAMIC_NO_PIC = NO;
				GCC_OPTIMIZATION_LEVEL = 0;
				GCC_PREPROCESSOR_DEFINITIONS = (
					"DEBUG=1",
					"$(inherited)",
				);
				GCC_SYMBOLS_PRIVATE_EXTERN = NO;
				GCC_WARN_64_TO_32_BIT_CONVERSION = YES;
				GCC_WARN_ABOUT_RETURN_TYPE = YES_ERROR;
				GCC_WARN_UNDECLARED_SELECTOR = YES;
				GCC_WARN_UNINITIALIZED_AUTOS = YES_AGGRESSIVE;
				GCC_WARN_UNUSED_FUNCTION = YES;
				GCC_WARN_UNUSED_VARIABLE = YES;
				IPHONEOS_DEPLOYMENT_TARGET = 8.0;
				MTL_ENABLE_DEBUG_INFO = YES;
				ONLY_ACTIVE_ARCH = YES;
				SDKROOT = iphoneos;
				SWIFT_OPTIMIZATION_LEVEL = "-Onone";
			};
			name = Debug;
		};
		38161D2619DA570100119CD5 /* Release */ = {
			isa = XCBuildConfiguration;
			buildSettings = {
				ALWAYS_SEARCH_USER_PATHS = NO;
				CLANG_CXX_LANGUAGE_STANDARD = "gnu++0x";
				CLANG_CXX_LIBRARY = "libc++";
				CLANG_ENABLE_MODULES = YES;
				CLANG_ENABLE_OBJC_ARC = YES;
				CLANG_WARN_BOOL_CONVERSION = YES;
				CLANG_WARN_CONSTANT_CONVERSION = YES;
				CLANG_WARN_DIRECT_OBJC_ISA_USAGE = YES_ERROR;
				CLANG_WARN_EMPTY_BODY = YES;
				CLANG_WARN_ENUM_CONVERSION = YES;
				CLANG_WARN_INT_CONVERSION = YES;
				CLANG_WARN_OBJC_ROOT_CLASS = YES_ERROR;
				CLANG_WARN_UNREACHABLE_CODE = YES;
				CLANG_WARN__DUPLICATE_METHOD_MATCH = YES;
				"CODE_SIGN_IDENTITY[sdk=iphoneos*]" = "iPhone Developer";
				COPY_PHASE_STRIP = YES;
				ENABLE_NS_ASSERTIONS = NO;
				ENABLE_STRICT_OBJC_MSGSEND = YES;
				GCC_C_LANGUAGE_STANDARD = gnu99;
				GCC_WARN_64_TO_32_BIT_CONVERSION = YES;
				GCC_WARN_ABOUT_RETURN_TYPE = YES_ERROR;
				GCC_WARN_UNDECLARED_SELECTOR = YES;
				GCC_WARN_UNINITIALIZED_AUTOS = YES_AGGRESSIVE;
				GCC_WARN_UNUSED_FUNCTION = YES;
				GCC_WARN_UNUSED_VARIABLE = YES;
				IPHONEOS_DEPLOYMENT_TARGET = 8.0;
				MTL_ENABLE_DEBUG_INFO = NO;
				SDKROOT = iphoneos;
				VALIDATE_PRODUCT = YES;
			};
			name = Release;
		};
		38161D2819DA570100119CD5 /* Debug */ = {
			isa = XCBuildConfiguration;
			buildSettings = {
				ASSETCATALOG_COMPILER_APPICON_NAME = AppIcon;
				INFOPLIST_FILE = Postcard/Info.plist;
				LD_RUNPATH_SEARCH_PATHS = "$(inherited) @executable_path/Frameworks";
				PRODUCT_NAME = "$(TARGET_NAME)";
			};
			name = Debug;
		};
		38161D2919DA570100119CD5 /* Release */ = {
			isa = XCBuildConfiguration;
			buildSettings = {
				ASSETCATALOG_COMPILER_APPICON_NAME = AppIcon;
				INFOPLIST_FILE = Postcard/Info.plist;
				LD_RUNPATH_SEARCH_PATHS = "$(inherited) @executable_path/Frameworks";
				PRODUCT_NAME = "$(TARGET_NAME)";
			};
			name = Release;
		};
		38161D2B19DA570100119CD5 /* Debug */ = {
			isa = XCBuildConfiguration;
			buildSettings = {
				BUNDLE_LOADER = "$(TEST_HOST)";
				FRAMEWORK_SEARCH_PATHS = (
					"$(SDKROOT)/Developer/Library/Frameworks",
					"$(inherited)",
				);
				GCC_PREPROCESSOR_DEFINITIONS = (
					"DEBUG=1",
					"$(inherited)",
				);
				INFOPLIST_FILE = PostcardTests/Info.plist;
				LD_RUNPATH_SEARCH_PATHS = "$(inherited) @executable_path/Frameworks @loader_path/Frameworks";
				PRODUCT_NAME = "$(TARGET_NAME)";
				TEST_HOST = "$(BUILT_PRODUCTS_DIR)/Postcard.app/Postcard";
			};
			name = Debug;
		};
		38161D2C19DA570100119CD5 /* Release */ = {
			isa = XCBuildConfiguration;
			buildSettings = {
				BUNDLE_LOADER = "$(TEST_HOST)";
				FRAMEWORK_SEARCH_PATHS = (
					"$(SDKROOT)/Developer/Library/Frameworks",
					"$(inherited)",
				);
				INFOPLIST_FILE = PostcardTests/Info.plist;
				LD_RUNPATH_SEARCH_PATHS = "$(inherited) @executable_path/Frameworks @loader_path/Frameworks";
				PRODUCT_NAME = "$(TARGET_NAME)";
				TEST_HOST = "$(BUILT_PRODUCTS_DIR)/Postcard.app/Postcard";
			};
			name = Release;
		};
/* End XCBuildConfiguration section */

/* Begin XCConfigurationList section */
		38161D0319DA570100119CD5 /* Build configuration list for PBXProject "Postcard" */ = {
			isa = XCConfigurationList;
			buildConfigurations = (
				38161D2519DA570100119CD5 /* Debug */,
				38161D2619DA570100119CD5 /* Release */,
			);
			defaultConfigurationIsVisible = 0;
			defaultConfigurationName = Release;
		};
		38161D2719DA570100119CD5 /* Build configuration list for PBXNativeTarget "Postcard" */ = {
			isa = XCConfigurationList;
			buildConfigurations = (
				38161D2819DA570100119CD5 /* Debug */,
				38161D2919DA570100119CD5 /* Release */,
			);
			defaultConfigurationIsVisible = 0;
		};
		38161D2A19DA570100119CD5 /* Build configuration list for PBXNativeTarget "PostcardTests" */ = {
			isa = XCConfigurationList;
			buildConfigurations = (
				38161D2B19DA570100119CD5 /* Debug */,
				38161D2C19DA570100119CD5 /* Release */,
			);
			defaultConfigurationIsVisible = 0;
		};
/* End XCConfigurationList section */
	};
	rootObject = 38161D0019DA570100119CD5 /* Project object */;
}
